// !$*UTF8*$!
{
	archiveVersion = 1;
	classes = {
	};
	objectVersion = 56;
	objects = {

/* Begin PBXBuildFile section */
		31045E842B06564B002C9478 /* ContractComponents.swift in Sources */ = {isa = PBXBuildFile; fileRef = 31045E832B06564B002C9478 /* ContractComponents.swift */; };
		31045E862B066389002C9478 /* MetaMaskRepo.swift in Sources */ = {isa = PBXBuildFile; fileRef = 31045E852B066389002C9478 /* MetaMaskRepo.swift */; };
		31045E892B067CD7002C9478 /* web3swift in Frameworks */ = {isa = PBXBuildFile; productRef = 31045E882B067CD7002C9478 /* web3swift */; };
		31045E8B2B0682EB002C9478 /* Secrets.swift in Sources */ = {isa = PBXBuildFile; fileRef = 31045E8A2B0682EB002C9478 /* Secrets.swift */; };
		312BFA622AFA195400B6BF88 /* energyshare_tarp_swiftApp.swift in Sources */ = {isa = PBXBuildFile; fileRef = 312BFA612AFA195400B6BF88 /* energyshare_tarp_swiftApp.swift */; };
		312BFA642AFA195400B6BF88 /* ContentView.swift in Sources */ = {isa = PBXBuildFile; fileRef = 312BFA632AFA195400B6BF88 /* ContentView.swift */; };
		312BFA662AFA195600B6BF88 /* Assets.xcassets in Resources */ = {isa = PBXBuildFile; fileRef = 312BFA652AFA195600B6BF88 /* Assets.xcassets */; };
		312BFA6A2AFA195600B6BF88 /* Preview Assets.xcassets in Resources */ = {isa = PBXBuildFile; fileRef = 312BFA692AFA195600B6BF88 /* Preview Assets.xcassets */; };
		312BFA752AFA19B900B6BF88 /* EnergyShareTabBar.swift in Sources */ = {isa = PBXBuildFile; fileRef = 312BFA742AFA19B800B6BF88 /* EnergyShareTabBar.swift */; };
		312BFA782AFA1A3700B6BF88 /* EnergyShareTabItem.swift in Sources */ = {isa = PBXBuildFile; fileRef = 312BFA772AFA1A3700B6BF88 /* EnergyShareTabItem.swift */; };
		312BFA7D2AFA1C6600B6BF88 /* Constants.swift in Sources */ = {isa = PBXBuildFile; fileRef = 312BFA7C2AFA1C6600B6BF88 /* Constants.swift */; };
		312BFA822AFA27DE00B6BF88 /* BuyCard.swift in Sources */ = {isa = PBXBuildFile; fileRef = 312BFA812AFA27DE00B6BF88 /* BuyCard.swift */; };
		312BFA842AFA27F800B6BF88 /* BuyOffer.swift in Sources */ = {isa = PBXBuildFile; fileRef = 312BFA832AFA27F800B6BF88 /* BuyOffer.swift */; };
		312BFA862AFA280200B6BF88 /* SellOffer.swift in Sources */ = {isa = PBXBuildFile; fileRef = 312BFA852AFA280200B6BF88 /* SellOffer.swift */; };
		312BFA8C2AFA2B9100B6BF88 /* metamask-ios-sdk in Frameworks */ = {isa = PBXBuildFile; productRef = 312BFA8B2AFA2B9100B6BF88 /* metamask-ios-sdk */; };
		312BFA972AFA301000B6BF88 /* DummyData.swift in Sources */ = {isa = PBXBuildFile; fileRef = 312BFA962AFA301000B6BF88 /* DummyData.swift */; };
		312BFA992AFA324C00B6BF88 /* BuyView.swift in Sources */ = {isa = PBXBuildFile; fileRef = 312BFA982AFA324C00B6BF88 /* BuyView.swift */; };
		312BFA9B2AFA381C00B6BF88 /* PlaceBidView.swift in Sources */ = {isa = PBXBuildFile; fileRef = 312BFA9A2AFA381C00B6BF88 /* PlaceBidView.swift */; };
		312BFAA02AFA43A800B6BF88 /* SellView.swift in Sources */ = {isa = PBXBuildFile; fileRef = 312BFA9F2AFA43A800B6BF88 /* SellView.swift */; };
		312BFAA22AFA45D000B6BF88 /* BidView.swift in Sources */ = {isa = PBXBuildFile; fileRef = 312BFAA12AFA45D000B6BF88 /* BidView.swift */; };
		312BFAA42AFA45D900B6BF88 /* UserView.swift in Sources */ = {isa = PBXBuildFile; fileRef = 312BFAA32AFA45D900B6BF88 /* UserView.swift */; };
		31C0D8572AFF6DEB0000653F /* SmartMeter.swift in Sources */ = {isa = PBXBuildFile; fileRef = 31C0D8562AFF6DEB0000653F /* SmartMeter.swift */; };
		31C0D8592AFF74730000653F /* BidCard.swift in Sources */ = {isa = PBXBuildFile; fileRef = 31C0D8582AFF74730000653F /* BidCard.swift */; };
		31C0D85B2AFF77210000653F /* SellCard.swift in Sources */ = {isa = PBXBuildFile; fileRef = 31C0D85A2AFF77210000653F /* SellCard.swift */; };
		31C0D85D2AFF7E010000653F /* AddSaleOfferView.swift in Sources */ = {isa = PBXBuildFile; fileRef = 31C0D85C2AFF7E010000653F /* AddSaleOfferView.swift */; };
/* End PBXBuildFile section */

/* Begin PBXFileReference section */
		31045E832B06564B002C9478 /* ContractComponents.swift */ = {isa = PBXFileReference; lastKnownFileType = sourcecode.swift; path = ContractComponents.swift; sourceTree = "<group>"; };
		31045E852B066389002C9478 /* MetaMaskRepo.swift */ = {isa = PBXFileReference; lastKnownFileType = sourcecode.swift; path = MetaMaskRepo.swift; sourceTree = "<group>"; };
		31045E8A2B0682EB002C9478 /* Secrets.swift */ = {isa = PBXFileReference; lastKnownFileType = sourcecode.swift; path = Secrets.swift; sourceTree = "<group>"; };
		312BFA5E2AFA195400B6BF88 /* energyshare-tarp-swift.app */ = {isa = PBXFileReference; explicitFileType = wrapper.application; includeInIndex = 0; path = "energyshare-tarp-swift.app"; sourceTree = BUILT_PRODUCTS_DIR; };
		312BFA612AFA195400B6BF88 /* energyshare_tarp_swiftApp.swift */ = {isa = PBXFileReference; lastKnownFileType = sourcecode.swift; path = energyshare_tarp_swiftApp.swift; sourceTree = "<group>"; };
		312BFA632AFA195400B6BF88 /* ContentView.swift */ = {isa = PBXFileReference; lastKnownFileType = sourcecode.swift; path = ContentView.swift; sourceTree = "<group>"; };
		312BFA652AFA195600B6BF88 /* Assets.xcassets */ = {isa = PBXFileReference; lastKnownFileType = folder.assetcatalog; path = Assets.xcassets; sourceTree = "<group>"; };
		312BFA672AFA195600B6BF88 /* energyshare_tarp_swift.entitlements */ = {isa = PBXFileReference; lastKnownFileType = text.plist.entitlements; path = energyshare_tarp_swift.entitlements; sourceTree = "<group>"; };
		312BFA692AFA195600B6BF88 /* Preview Assets.xcassets */ = {isa = PBXFileReference; lastKnownFileType = folder.assetcatalog; path = "Preview Assets.xcassets"; sourceTree = "<group>"; };
		312BFA742AFA19B800B6BF88 /* EnergyShareTabBar.swift */ = {isa = PBXFileReference; lastKnownFileType = sourcecode.swift; path = EnergyShareTabBar.swift; sourceTree = "<group>"; };
		312BFA772AFA1A3700B6BF88 /* EnergyShareTabItem.swift */ = {isa = PBXFileReference; lastKnownFileType = sourcecode.swift; path = EnergyShareTabItem.swift; sourceTree = "<group>"; };
		312BFA7C2AFA1C6600B6BF88 /* Constants.swift */ = {isa = PBXFileReference; lastKnownFileType = sourcecode.swift; path = Constants.swift; sourceTree = "<group>"; };
		312BFA812AFA27DE00B6BF88 /* BuyCard.swift */ = {isa = PBXFileReference; lastKnownFileType = sourcecode.swift; path = BuyCard.swift; sourceTree = "<group>"; };
		312BFA832AFA27F800B6BF88 /* BuyOffer.swift */ = {isa = PBXFileReference; lastKnownFileType = sourcecode.swift; path = BuyOffer.swift; sourceTree = "<group>"; };
		312BFA852AFA280200B6BF88 /* SellOffer.swift */ = {isa = PBXFileReference; lastKnownFileType = sourcecode.swift; path = SellOffer.swift; sourceTree = "<group>"; };
		312BFA962AFA301000B6BF88 /* DummyData.swift */ = {isa = PBXFileReference; lastKnownFileType = sourcecode.swift; path = DummyData.swift; sourceTree = "<group>"; };
		312BFA982AFA324C00B6BF88 /* BuyView.swift */ = {isa = PBXFileReference; lastKnownFileType = sourcecode.swift; path = BuyView.swift; sourceTree = "<group>"; };
		312BFA9A2AFA381C00B6BF88 /* PlaceBidView.swift */ = {isa = PBXFileReference; lastKnownFileType = sourcecode.swift; path = PlaceBidView.swift; sourceTree = "<group>"; };
		312BFA9F2AFA43A800B6BF88 /* SellView.swift */ = {isa = PBXFileReference; lastKnownFileType = sourcecode.swift; path = SellView.swift; sourceTree = "<group>"; };
		312BFAA12AFA45D000B6BF88 /* BidView.swift */ = {isa = PBXFileReference; lastKnownFileType = sourcecode.swift; path = BidView.swift; sourceTree = "<group>"; };
		312BFAA32AFA45D900B6BF88 /* UserView.swift */ = {isa = PBXFileReference; lastKnownFileType = sourcecode.swift; path = UserView.swift; sourceTree = "<group>"; };
		31C0D8562AFF6DEB0000653F /* SmartMeter.swift */ = {isa = PBXFileReference; lastKnownFileType = sourcecode.swift; path = SmartMeter.swift; sourceTree = "<group>"; };
		31C0D8582AFF74730000653F /* BidCard.swift */ = {isa = PBXFileReference; lastKnownFileType = sourcecode.swift; path = BidCard.swift; sourceTree = "<group>"; };
		31C0D85A2AFF77210000653F /* SellCard.swift */ = {isa = PBXFileReference; lastKnownFileType = sourcecode.swift; path = SellCard.swift; sourceTree = "<group>"; };
		31C0D85C2AFF7E010000653F /* AddSaleOfferView.swift */ = {isa = PBXFileReference; lastKnownFileType = sourcecode.swift; path = AddSaleOfferView.swift; sourceTree = "<group>"; };
/* End PBXFileReference section */

/* Begin PBXFrameworksBuildPhase section */
		312BFA5B2AFA195400B6BF88 /* Frameworks */ = {
			isa = PBXFrameworksBuildPhase;
			buildActionMask = 2147483647;
			files = (
				312BFA8C2AFA2B9100B6BF88 /* metamask-ios-sdk in Frameworks */,
				31045E892B067CD7002C9478 /* web3swift in Frameworks */,
			);
			runOnlyForDeploymentPostprocessing = 0;
		};
/* End PBXFrameworksBuildPhase section */

/* Begin PBXGroup section */
		31045E822B065627002C9478 /* SmartContract */ = {
			isa = PBXGroup;
			children = (
				31045E832B06564B002C9478 /* ContractComponents.swift */,
			);
			path = SmartContract;
			sourceTree = "<group>";
		};
		312BFA552AFA195400B6BF88 = {
			isa = PBXGroup;
			children = (
				312BFA602AFA195400B6BF88 /* energyshare-tarp-swift */,
				312BFA5F2AFA195400B6BF88 /* Products */,
			);
			sourceTree = "<group>";
		};
		312BFA5F2AFA195400B6BF88 /* Products */ = {
			isa = PBXGroup;
			children = (
				312BFA5E2AFA195400B6BF88 /* energyshare-tarp-swift.app */,
			);
			name = Products;
			sourceTree = "<group>";
		};
		312BFA602AFA195400B6BF88 /* energyshare-tarp-swift */ = {
			isa = PBXGroup;
			children = (
				31045E822B065627002C9478 /* SmartContract */,
				312BFA732AFA198B00B6BF88 /* Utilities */,
				312BFA722AFA198200B6BF88 /* View Models */,
				312BFA712AFA197D00B6BF88 /* Views */,
				312BFA702AFA196E00B6BF88 /* Models */,
				312BFA612AFA195400B6BF88 /* energyshare_tarp_swiftApp.swift */,
				312BFA632AFA195400B6BF88 /* ContentView.swift */,
				312BFA652AFA195600B6BF88 /* Assets.xcassets */,
				312BFA672AFA195600B6BF88 /* energyshare_tarp_swift.entitlements */,
				312BFA682AFA195600B6BF88 /* Preview Content */,
			);
			path = "energyshare-tarp-swift";
			sourceTree = "<group>";
		};
		312BFA682AFA195600B6BF88 /* Preview Content */ = {
			isa = PBXGroup;
			children = (
				312BFA692AFA195600B6BF88 /* Preview Assets.xcassets */,
			);
			path = "Preview Content";
			sourceTree = "<group>";
		};
		312BFA702AFA196E00B6BF88 /* Models */ = {
			isa = PBXGroup;
			children = (
				312BFA832AFA27F800B6BF88 /* BuyOffer.swift */,
				312BFA852AFA280200B6BF88 /* SellOffer.swift */,
				31C0D8562AFF6DEB0000653F /* SmartMeter.swift */,
			);
			path = Models;
			sourceTree = "<group>";
		};
		312BFA712AFA197D00B6BF88 /* Views */ = {
			isa = PBXGroup;
			children = (
				312BFA9E2AFA383A00B6BF88 /* UserViews */,
				312BFA9D2AFA383200B6BF88 /* BidViews */,
				312BFA9C2AFA382A00B6BF88 /* SellViews */,
				312BFA802AFA27CA00B6BF88 /* BuyViews */,
				312BFA7E2AFA26EE00B6BF88 /* Common */,
			);
			path = Views;
			sourceTree = "<group>";
		};
		312BFA722AFA198200B6BF88 /* View Models */ = {
			isa = PBXGroup;
			children = (
				31045E852B066389002C9478 /* MetaMaskRepo.swift */,
			);
			path = "View Models";
			sourceTree = "<group>";
		};
		312BFA732AFA198B00B6BF88 /* Utilities */ = {
			isa = PBXGroup;
			children = (
				312BFA7C2AFA1C6600B6BF88 /* Constants.swift */,
				312BFA962AFA301000B6BF88 /* DummyData.swift */,
				31045E8A2B0682EB002C9478 /* Secrets.swift */,
			);
			path = Utilities;
			sourceTree = "<group>";
		};
		312BFA762AFA1A2000B6BF88 /* TabBar */ = {
			isa = PBXGroup;
			children = (
				312BFA742AFA19B800B6BF88 /* EnergyShareTabBar.swift */,
				312BFA772AFA1A3700B6BF88 /* EnergyShareTabItem.swift */,
			);
			path = TabBar;
			sourceTree = "<group>";
		};
		312BFA7E2AFA26EE00B6BF88 /* Common */ = {
			isa = PBXGroup;
			children = (
				312BFA762AFA1A2000B6BF88 /* TabBar */,
			);
			path = Common;
			sourceTree = "<group>";
		};
		312BFA802AFA27CA00B6BF88 /* BuyViews */ = {
			isa = PBXGroup;
			children = (
				312BFA812AFA27DE00B6BF88 /* BuyCard.swift */,
				312BFA982AFA324C00B6BF88 /* BuyView.swift */,
				312BFA9A2AFA381C00B6BF88 /* PlaceBidView.swift */,
			);
			path = BuyViews;
			sourceTree = "<group>";
		};
		312BFA9C2AFA382A00B6BF88 /* SellViews */ = {
			isa = PBXGroup;
			children = (
				312BFA9F2AFA43A800B6BF88 /* SellView.swift */,
				31C0D85A2AFF77210000653F /* SellCard.swift */,
				31C0D85C2AFF7E010000653F /* AddSaleOfferView.swift */,
			);
			path = SellViews;
			sourceTree = "<group>";
		};
		312BFA9D2AFA383200B6BF88 /* BidViews */ = {
			isa = PBXGroup;
			children = (
				312BFAA12AFA45D000B6BF88 /* BidView.swift */,
				31C0D8582AFF74730000653F /* BidCard.swift */,
			);
			path = BidViews;
			sourceTree = "<group>";
		};
		312BFA9E2AFA383A00B6BF88 /* UserViews */ = {
			isa = PBXGroup;
			children = (
				312BFAA32AFA45D900B6BF88 /* UserView.swift */,
			);
			path = UserViews;
			sourceTree = "<group>";
		};
/* End PBXGroup section */

/* Begin PBXNativeTarget section */
		312BFA5D2AFA195400B6BF88 /* energyshare-tarp-swift */ = {
			isa = PBXNativeTarget;
			buildConfigurationList = 312BFA6D2AFA195600B6BF88 /* Build configuration list for PBXNativeTarget "energyshare-tarp-swift" */;
			buildPhases = (
				312BFA5A2AFA195400B6BF88 /* Sources */,
				312BFA5B2AFA195400B6BF88 /* Frameworks */,
				312BFA5C2AFA195400B6BF88 /* Resources */,
			);
			buildRules = (
			);
			dependencies = (
			);
			name = "energyshare-tarp-swift";
			packageProductDependencies = (
				312BFA8B2AFA2B9100B6BF88 /* metamask-ios-sdk */,
				31045E882B067CD7002C9478 /* web3swift */,
			);
			productName = "energyshare-tarp-swift";
			productReference = 312BFA5E2AFA195400B6BF88 /* energyshare-tarp-swift.app */;
			productType = "com.apple.product-type.application";
		};
/* End PBXNativeTarget section */

/* Begin PBXProject section */
		312BFA562AFA195400B6BF88 /* Project object */ = {
			isa = PBXProject;
			attributes = {
				BuildIndependentTargetsInParallel = 1;
				LastSwiftUpdateCheck = 1500;
				LastUpgradeCheck = 1500;
				TargetAttributes = {
					312BFA5D2AFA195400B6BF88 = {
						CreatedOnToolsVersion = 15.0.1;
					};
				};
			};
			buildConfigurationList = 312BFA592AFA195400B6BF88 /* Build configuration list for PBXProject "energyshare-tarp-swift" */;
			compatibilityVersion = "Xcode 14.0";
			developmentRegion = en;
			hasScannedForEncodings = 0;
			knownRegions = (
				en,
				Base,
			);
			mainGroup = 312BFA552AFA195400B6BF88;
			packageReferences = (
				312BFA8A2AFA2B9100B6BF88 /* XCRemoteSwiftPackageReference "metamask-ios-sdk" */,
				31045E872B067CD7002C9478 /* XCRemoteSwiftPackageReference "web3swift" */,
			);
			productRefGroup = 312BFA5F2AFA195400B6BF88 /* Products */;
			projectDirPath = "";
			projectRoot = "";
			targets = (
				312BFA5D2AFA195400B6BF88 /* energyshare-tarp-swift */,
			);
		};
/* End PBXProject section */

/* Begin PBXResourcesBuildPhase section */
		312BFA5C2AFA195400B6BF88 /* Resources */ = {
			isa = PBXResourcesBuildPhase;
			buildActionMask = 2147483647;
			files = (
				312BFA6A2AFA195600B6BF88 /* Preview Assets.xcassets in Resources */,
				312BFA662AFA195600B6BF88 /* Assets.xcassets in Resources */,
			);
			runOnlyForDeploymentPostprocessing = 0;
		};
/* End PBXResourcesBuildPhase section */

/* Begin PBXSourcesBuildPhase section */
		312BFA5A2AFA195400B6BF88 /* Sources */ = {
			isa = PBXSourcesBuildPhase;
			buildActionMask = 2147483647;
			files = (
				31C0D85D2AFF7E010000653F /* AddSaleOfferView.swift in Sources */,
				312BFA822AFA27DE00B6BF88 /* BuyCard.swift in Sources */,
				31045E862B066389002C9478 /* MetaMaskRepo.swift in Sources */,
				312BFA7D2AFA1C6600B6BF88 /* Constants.swift in Sources */,
				312BFA752AFA19B900B6BF88 /* EnergyShareTabBar.swift in Sources */,
				312BFAA02AFA43A800B6BF88 /* SellView.swift in Sources */,
				312BFA9B2AFA381C00B6BF88 /* PlaceBidView.swift in Sources */,
				312BFAA22AFA45D000B6BF88 /* BidView.swift in Sources */,
				312BFAA42AFA45D900B6BF88 /* UserView.swift in Sources */,
				312BFA642AFA195400B6BF88 /* ContentView.swift in Sources */,
				31C0D85B2AFF77210000653F /* SellCard.swift in Sources */,
				312BFA862AFA280200B6BF88 /* SellOffer.swift in Sources */,
				312BFA842AFA27F800B6BF88 /* BuyOffer.swift in Sources */,
				312BFA782AFA1A3700B6BF88 /* EnergyShareTabItem.swift in Sources */,
				312BFA972AFA301000B6BF88 /* DummyData.swift in Sources */,
				312BFA992AFA324C00B6BF88 /* BuyView.swift in Sources */,
				31045E8B2B0682EB002C9478 /* Secrets.swift in Sources */,
				312BFA622AFA195400B6BF88 /* energyshare_tarp_swiftApp.swift in Sources */,
				31C0D8592AFF74730000653F /* BidCard.swift in Sources */,
				31C0D8572AFF6DEB0000653F /* SmartMeter.swift in Sources */,
				31045E842B06564B002C9478 /* ContractComponents.swift in Sources */,
			);
			runOnlyForDeploymentPostprocessing = 0;
		};
/* End PBXSourcesBuildPhase section */

/* Begin XCBuildConfiguration section */
		312BFA6B2AFA195600B6BF88 /* Debug */ = {
			isa = XCBuildConfiguration;
			buildSettings = {
				ALWAYS_SEARCH_USER_PATHS = NO;
				ASSETCATALOG_COMPILER_GENERATE_SWIFT_ASSET_SYMBOL_EXTENSIONS = YES;
				CLANG_ANALYZER_NONNULL = YES;
				CLANG_ANALYZER_NUMBER_OBJECT_CONVERSION = YES_AGGRESSIVE;
				CLANG_CXX_LANGUAGE_STANDARD = "gnu++20";
				CLANG_ENABLE_MODULES = YES;
				CLANG_ENABLE_OBJC_ARC = YES;
				CLANG_ENABLE_OBJC_WEAK = YES;
				CLANG_WARN_BLOCK_CAPTURE_AUTORELEASING = YES;
				CLANG_WARN_BOOL_CONVERSION = YES;
				CLANG_WARN_COMMA = YES;
				CLANG_WARN_CONSTANT_CONVERSION = YES;
				CLANG_WARN_DEPRECATED_OBJC_IMPLEMENTATIONS = YES;
				CLANG_WARN_DIRECT_OBJC_ISA_USAGE = YES_ERROR;
				CLANG_WARN_DOCUMENTATION_COMMENTS = YES;
				CLANG_WARN_EMPTY_BODY = YES;
				CLANG_WARN_ENUM_CONVERSION = YES;
				CLANG_WARN_INFINITE_RECURSION = YES;
				CLANG_WARN_INT_CONVERSION = YES;
				CLANG_WARN_NON_LITERAL_NULL_CONVERSION = YES;
				CLANG_WARN_OBJC_IMPLICIT_RETAIN_SELF = YES;
				CLANG_WARN_OBJC_LITERAL_CONVERSION = YES;
				CLANG_WARN_OBJC_ROOT_CLASS = YES_ERROR;
				CLANG_WARN_QUOTED_INCLUDE_IN_FRAMEWORK_HEADER = YES;
				CLANG_WARN_RANGE_LOOP_ANALYSIS = YES;
				CLANG_WARN_STRICT_PROTOTYPES = YES;
				CLANG_WARN_SUSPICIOUS_MOVE = YES;
				CLANG_WARN_UNGUARDED_AVAILABILITY = YES_AGGRESSIVE;
				CLANG_WARN_UNREACHABLE_CODE = YES;
				CLANG_WARN__DUPLICATE_METHOD_MATCH = YES;
				COPY_PHASE_STRIP = NO;
				DEBUG_INFORMATION_FORMAT = dwarf;
				ENABLE_STRICT_OBJC_MSGSEND = YES;
				ENABLE_TESTABILITY = YES;
				ENABLE_USER_SCRIPT_SANDBOXING = YES;
				GCC_C_LANGUAGE_STANDARD = gnu17;
				GCC_DYNAMIC_NO_PIC = NO;
				GCC_NO_COMMON_BLOCKS = YES;
				GCC_OPTIMIZATION_LEVEL = 0;
				GCC_PREPROCESSOR_DEFINITIONS = (
					"DEBUG=1",
					"$(inherited)",
				);
				GCC_WARN_64_TO_32_BIT_CONVERSION = YES;
				GCC_WARN_ABOUT_RETURN_TYPE = YES_ERROR;
				GCC_WARN_UNDECLARED_SELECTOR = YES;
				GCC_WARN_UNINITIALIZED_AUTOS = YES_AGGRESSIVE;
				GCC_WARN_UNUSED_FUNCTION = YES;
				GCC_WARN_UNUSED_VARIABLE = YES;
				LOCALIZATION_PREFERS_STRING_CATALOGS = YES;
				MTL_ENABLE_DEBUG_INFO = INCLUDE_SOURCE;
				MTL_FAST_MATH = YES;
				ONLY_ACTIVE_ARCH = YES;
				SWIFT_ACTIVE_COMPILATION_CONDITIONS = "DEBUG $(inherited)";
				SWIFT_OPTIMIZATION_LEVEL = "-Onone";
			};
			name = Debug;
		};
		312BFA6C2AFA195600B6BF88 /* Release */ = {
			isa = XCBuildConfiguration;
			buildSettings = {
				ALWAYS_SEARCH_USER_PATHS = NO;
				ASSETCATALOG_COMPILER_GENERATE_SWIFT_ASSET_SYMBOL_EXTENSIONS = YES;
				CLANG_ANALYZER_NONNULL = YES;
				CLANG_ANALYZER_NUMBER_OBJECT_CONVERSION = YES_AGGRESSIVE;
				CLANG_CXX_LANGUAGE_STANDARD = "gnu++20";
				CLANG_ENABLE_MODULES = YES;
				CLANG_ENABLE_OBJC_ARC = YES;
				CLANG_ENABLE_OBJC_WEAK = YES;
				CLANG_WARN_BLOCK_CAPTURE_AUTORELEASING = YES;
				CLANG_WARN_BOOL_CONVERSION = YES;
				CLANG_WARN_COMMA = YES;
				CLANG_WARN_CONSTANT_CONVERSION = YES;
				CLANG_WARN_DEPRECATED_OBJC_IMPLEMENTATIONS = YES;
				CLANG_WARN_DIRECT_OBJC_ISA_USAGE = YES_ERROR;
				CLANG_WARN_DOCUMENTATION_COMMENTS = YES;
				CLANG_WARN_EMPTY_BODY = YES;
				CLANG_WARN_ENUM_CONVERSION = YES;
				CLANG_WARN_INFINITE_RECURSION = YES;
				CLANG_WARN_INT_CONVERSION = YES;
				CLANG_WARN_NON_LITERAL_NULL_CONVERSION = YES;
				CLANG_WARN_OBJC_IMPLICIT_RETAIN_SELF = YES;
				CLANG_WARN_OBJC_LITERAL_CONVERSION = YES;
				CLANG_WARN_OBJC_ROOT_CLASS = YES_ERROR;
				CLANG_WARN_QUOTED_INCLUDE_IN_FRAMEWORK_HEADER = YES;
				CLANG_WARN_RANGE_LOOP_ANALYSIS = YES;
				CLANG_WARN_STRICT_PROTOTYPES = YES;
				CLANG_WARN_SUSPICIOUS_MOVE = YES;
				CLANG_WARN_UNGUARDED_AVAILABILITY = YES_AGGRESSIVE;
				CLANG_WARN_UNREACHABLE_CODE = YES;
				CLANG_WARN__DUPLICATE_METHOD_MATCH = YES;
				COPY_PHASE_STRIP = NO;
				DEBUG_INFORMATION_FORMAT = "dwarf-with-dsym";
				ENABLE_NS_ASSERTIONS = NO;
				ENABLE_STRICT_OBJC_MSGSEND = YES;
				ENABLE_USER_SCRIPT_SANDBOXING = YES;
				GCC_C_LANGUAGE_STANDARD = gnu17;
				GCC_NO_COMMON_BLOCKS = YES;
				GCC_WARN_64_TO_32_BIT_CONVERSION = YES;
				GCC_WARN_ABOUT_RETURN_TYPE = YES_ERROR;
				GCC_WARN_UNDECLARED_SELECTOR = YES;
				GCC_WARN_UNINITIALIZED_AUTOS = YES_AGGRESSIVE;
				GCC_WARN_UNUSED_FUNCTION = YES;
				GCC_WARN_UNUSED_VARIABLE = YES;
				LOCALIZATION_PREFERS_STRING_CATALOGS = YES;
				MTL_ENABLE_DEBUG_INFO = NO;
				MTL_FAST_MATH = YES;
				SWIFT_COMPILATION_MODE = wholemodule;
			};
			name = Release;
		};
		312BFA6E2AFA195600B6BF88 /* Debug */ = {
			isa = XCBuildConfiguration;
			buildSettings = {
				ASSETCATALOG_COMPILER_APPICON_NAME = AppIcon;
				ASSETCATALOG_COMPILER_GLOBAL_ACCENT_COLOR_NAME = AccentColor;
				CODE_SIGN_ENTITLEMENTS = "energyshare-tarp-swift/energyshare_tarp_swift.entitlements";
				CODE_SIGN_STYLE = Automatic;
				CURRENT_PROJECT_VERSION = 1;
				DEVELOPMENT_ASSET_PATHS = "\"energyshare-tarp-swift/Preview Content\"";
				DEVELOPMENT_TEAM = 6D98G6WZSC;
				ENABLE_HARDENED_RUNTIME = YES;
				ENABLE_PREVIEWS = YES;
				GENERATE_INFOPLIST_FILE = YES;
				"INFOPLIST_KEY_UIApplicationSceneManifest_Generation[sdk=iphoneos*]" = YES;
				"INFOPLIST_KEY_UIApplicationSceneManifest_Generation[sdk=iphonesimulator*]" = YES;
				"INFOPLIST_KEY_UIApplicationSupportsIndirectInputEvents[sdk=iphoneos*]" = YES;
				"INFOPLIST_KEY_UIApplicationSupportsIndirectInputEvents[sdk=iphonesimulator*]" = YES;
				"INFOPLIST_KEY_UILaunchScreen_Generation[sdk=iphoneos*]" = YES;
				"INFOPLIST_KEY_UILaunchScreen_Generation[sdk=iphonesimulator*]" = YES;
				"INFOPLIST_KEY_UIStatusBarStyle[sdk=iphoneos*]" = UIStatusBarStyleDefault;
				"INFOPLIST_KEY_UIStatusBarStyle[sdk=iphonesimulator*]" = UIStatusBarStyleDefault;
				INFOPLIST_KEY_UISupportedInterfaceOrientations_iPad = "UIInterfaceOrientationPortrait UIInterfaceOrientationPortraitUpsideDown UIInterfaceOrientationLandscapeLeft UIInterfaceOrientationLandscapeRight";
				INFOPLIST_KEY_UISupportedInterfaceOrientations_iPhone = "UIInterfaceOrientationPortrait UIInterfaceOrientationLandscapeLeft UIInterfaceOrientationLandscapeRight";
				IPHONEOS_DEPLOYMENT_TARGET = 17.0;
				LD_RUNPATH_SEARCH_PATHS = "@executable_path/Frameworks";
				"LD_RUNPATH_SEARCH_PATHS[sdk=macosx*]" = "@executable_path/../Frameworks";
				MACOSX_DEPLOYMENT_TARGET = 14.0;
				MARKETING_VERSION = 1.0;
				PRODUCT_BUNDLE_IDENTIFIER = "anegg.energyshare-tarp-swift";
				PRODUCT_NAME = "$(TARGET_NAME)";
				SDKROOT = auto;
				SUPPORTED_PLATFORMS = "iphoneos iphonesimulator macosx";
				SWIFT_EMIT_LOC_STRINGS = YES;
				SWIFT_VERSION = 5.0;
				TARGETED_DEVICE_FAMILY = "1,2";
			};
			name = Debug;
		};
		312BFA6F2AFA195600B6BF88 /* Release */ = {
			isa = XCBuildConfiguration;
			buildSettings = {
				ASSETCATALOG_COMPILER_APPICON_NAME = AppIcon;
				ASSETCATALOG_COMPILER_GLOBAL_ACCENT_COLOR_NAME = AccentColor;
				CODE_SIGN_ENTITLEMENTS = "energyshare-tarp-swift/energyshare_tarp_swift.entitlements";
				CODE_SIGN_STYLE = Automatic;
				CURRENT_PROJECT_VERSION = 1;
				DEVELOPMENT_ASSET_PATHS = "\"energyshare-tarp-swift/Preview Content\"";
				DEVELOPMENT_TEAM = 6D98G6WZSC;
				ENABLE_HARDENED_RUNTIME = YES;
				ENABLE_PREVIEWS = YES;
				GENERATE_INFOPLIST_FILE = YES;
				"INFOPLIST_KEY_UIApplicationSceneManifest_Generation[sdk=iphoneos*]" = YES;
				"INFOPLIST_KEY_UIApplicationSceneManifest_Generation[sdk=iphonesimulator*]" = YES;
				"INFOPLIST_KEY_UIApplicationSupportsIndirectInputEvents[sdk=iphoneos*]" = YES;
				"INFOPLIST_KEY_UIApplicationSupportsIndirectInputEvents[sdk=iphonesimulator*]" = YES;
				"INFOPLIST_KEY_UILaunchScreen_Generation[sdk=iphoneos*]" = YES;
				"INFOPLIST_KEY_UILaunchScreen_Generation[sdk=iphonesimulator*]" = YES;
				"INFOPLIST_KEY_UIStatusBarStyle[sdk=iphoneos*]" = UIStatusBarStyleDefault;
				"INFOPLIST_KEY_UIStatusBarStyle[sdk=iphonesimulator*]" = UIStatusBarStyleDefault;
				INFOPLIST_KEY_UISupportedInterfaceOrientations_iPad = "UIInterfaceOrientationPortrait UIInterfaceOrientationPortraitUpsideDown UIInterfaceOrientationLandscapeLeft UIInterfaceOrientationLandscapeRight";
				INFOPLIST_KEY_UISupportedInterfaceOrientations_iPhone = "UIInterfaceOrientationPortrait UIInterfaceOrientationLandscapeLeft UIInterfaceOrientationLandscapeRight";
				IPHONEOS_DEPLOYMENT_TARGET = 17.0;
				LD_RUNPATH_SEARCH_PATHS = "@executable_path/Frameworks";
				"LD_RUNPATH_SEARCH_PATHS[sdk=macosx*]" = "@executable_path/../Frameworks";
				MACOSX_DEPLOYMENT_TARGET = 14.0;
				MARKETING_VERSION = 1.0;
				PRODUCT_BUNDLE_IDENTIFIER = "anegg.energyshare-tarp-swift";
				PRODUCT_NAME = "$(TARGET_NAME)";
				SDKROOT = auto;
				SUPPORTED_PLATFORMS = "iphoneos iphonesimulator macosx";
				SWIFT_EMIT_LOC_STRINGS = YES;
				SWIFT_VERSION = 5.0;
				TARGETED_DEVICE_FAMILY = "1,2";
			};
			name = Release;
		};
/* End XCBuildConfiguration section */

/* Begin XCConfigurationList section */
		312BFA592AFA195400B6BF88 /* Build configuration list for PBXProject "energyshare-tarp-swift" */ = {
			isa = XCConfigurationList;
			buildConfigurations = (
				312BFA6B2AFA195600B6BF88 /* Debug */,
				312BFA6C2AFA195600B6BF88 /* Release */,
			);
			defaultConfigurationIsVisible = 0;
			defaultConfigurationName = Release;
		};
		312BFA6D2AFA195600B6BF88 /* Build configuration list for PBXNativeTarget "energyshare-tarp-swift" */ = {
			isa = XCConfigurationList;
			buildConfigurations = (
				312BFA6E2AFA195600B6BF88 /* Debug */,
				312BFA6F2AFA195600B6BF88 /* Release */,
			);
			defaultConfigurationIsVisible = 0;
			defaultConfigurationName = Release;
		};
/* End XCConfigurationList section */

/* Begin XCRemoteSwiftPackageReference section */
		31045E872B067CD7002C9478 /* XCRemoteSwiftPackageReference "web3swift" */ = {
			isa = XCRemoteSwiftPackageReference;
			repositoryURL = "https://github.com/web3swift-team/web3swift.git";
			requirement = {
				kind = upToNextMajorVersion;
				minimumVersion = 3.2.0;
			};
		};
		312BFA8A2AFA2B9100B6BF88 /* XCRemoteSwiftPackageReference "metamask-ios-sdk" */ = {
			isa = XCRemoteSwiftPackageReference;
			repositoryURL = "https://github.com/MetaMask/metamask-ios-sdk";
			requirement = {
				kind = upToNextMajorVersion;
				minimumVersion = 0.2.2;
			};
		};
/* End XCRemoteSwiftPackageReference section */

/* Begin XCSwiftPackageProductDependency section */
		31045E882B067CD7002C9478 /* web3swift */ = {
			isa = XCSwiftPackageProductDependency;
			package = 31045E872B067CD7002C9478 /* XCRemoteSwiftPackageReference "web3swift" */;
			productName = web3swift;
		};
		312BFA8B2AFA2B9100B6BF88 /* metamask-ios-sdk */ = {
			isa = XCSwiftPackageProductDependency;
			package = 312BFA8A2AFA2B9100B6BF88 /* XCRemoteSwiftPackageReference "metamask-ios-sdk" */;
			productName = "metamask-ios-sdk";
		};
/* End XCSwiftPackageProductDependency section */
	};
	rootObject = 312BFA562AFA195400B6BF88 /* Project object */;
}
